// !$*UTF8*$!
{
	archiveVersion = 1;
	classes = {
	};
	objectVersion = 46;
	objects = {

/* Begin PBXBuildFile section */
		CF4503421D5BB25200E93453 /* default.gpx in Resources */ = {isa = PBXBuildFile; fileRef = CF4503411D5BB25200E93453 /* default.gpx */; };
		CFA6BA231D429E240018BAE0 /* AppDelegate.swift in Sources */ = {isa = PBXBuildFile; fileRef = CFA6BA221D429E240018BAE0 /* AppDelegate.swift */; };
		CFA6BA251D429E240018BAE0 /* ViewController.swift in Sources */ = {isa = PBXBuildFile; fileRef = CFA6BA241D429E240018BAE0 /* ViewController.swift */; };
		CFA6BA281D429E240018BAE0 /* Main.storyboard in Resources */ = {isa = PBXBuildFile; fileRef = CFA6BA261D429E240018BAE0 /* Main.storyboard */; };
		CFA6BA2A1D429E240018BAE0 /* Assets.xcassets in Resources */ = {isa = PBXBuildFile; fileRef = CFA6BA291D429E240018BAE0 /* Assets.xcassets */; };
		CFA6BA2D1D429E240018BAE0 /* LaunchScreen.storyboard in Resources */ = {isa = PBXBuildFile; fileRef = CFA6BA2B1D429E240018BAE0 /* LaunchScreen.storyboard */; };
		CFED19AE1D92FBF100877885 /* BikeBrain.swift in Sources */ = {isa = PBXBuildFile; fileRef = CFED19AD1D92FBF100877885 /* BikeBrain.swift */; };
/* End PBXBuildFile section */

/* Begin PBXFileReference section */
		CF4503411D5BB25200E93453 /* default.gpx */ = {isa = PBXFileReference; fileEncoding = 4; lastKnownFileType = text.xml; path = default.gpx; sourceTree = "<group>"; };
		CFA6BA1F1D429E240018BAE0 /* MapTest.app */ = {isa = PBXFileReference; explicitFileType = wrapper.application; includeInIndex = 0; path = MapTest.app; sourceTree = BUILT_PRODUCTS_DIR; };
		CFA6BA221D429E240018BAE0 /* AppDelegate.swift */ = {isa = PBXFileReference; lastKnownFileType = sourcecode.swift; path = AppDelegate.swift; sourceTree = "<group>"; };
		CFA6BA241D429E240018BAE0 /* ViewController.swift */ = {isa = PBXFileReference; lastKnownFileType = sourcecode.swift; path = ViewController.swift; sourceTree = "<group>"; };
		CFA6BA271D429E240018BAE0 /* Base */ = {isa = PBXFileReference; lastKnownFileType = file.storyboard; name = Base; path = Base.lproj/Main.storyboard; sourceTree = "<group>"; };
		CFA6BA291D429E240018BAE0 /* Assets.xcassets */ = {isa = PBXFileReference; lastKnownFileType = folder.assetcatalog; path = Assets.xcassets; sourceTree = "<group>"; };
		CFA6BA2C1D429E240018BAE0 /* Base */ = {isa = PBXFileReference; lastKnownFileType = file.storyboard; name = Base; path = Base.lproj/LaunchScreen.storyboard; sourceTree = "<group>"; };
		CFA6BA2E1D429E240018BAE0 /* Info.plist */ = {isa = PBXFileReference; lastKnownFileType = text.plist.xml; path = Info.plist; sourceTree = "<group>"; };
		CFED19AD1D92FBF100877885 /* BikeBrain.swift */ = {isa = PBXFileReference; fileEncoding = 4; lastKnownFileType = sourcecode.swift; path = BikeBrain.swift; sourceTree = "<group>"; };
/* End PBXFileReference section */

/* Begin PBXFrameworksBuildPhase section */
		CFA6BA1C1D429E240018BAE0 /* Frameworks */ = {
			isa = PBXFrameworksBuildPhase;
			buildActionMask = 2147483647;
			files = (
			);
			runOnlyForDeploymentPostprocessing = 0;
		};
/* End PBXFrameworksBuildPhase section */

/* Begin PBXGroup section */
		CF4503191D5BA10A00E93453 /* Supporting Files */ = {
			isa = PBXGroup;
			children = (
				CFA6BA221D429E240018BAE0 /* AppDelegate.swift */,
				CFA6BA291D429E240018BAE0 /* Assets.xcassets */,
				CFA6BA2B1D429E240018BAE0 /* LaunchScreen.storyboard */,
				CFA6BA2E1D429E240018BAE0 /* Info.plist */,
			);
			name = "Supporting Files";
			sourceTree = "<group>";
		};
		CFA6BA161D429E240018BAE0 = {
			isa = PBXGroup;
			children = (
				CF4503411D5BB25200E93453 /* default.gpx */,
				CFA6BA211D429E240018BAE0 /* MapTest */,
				CFA6BA201D429E240018BAE0 /* Products */,
			);
			sourceTree = "<group>";
		};
		CFA6BA201D429E240018BAE0 /* Products */ = {
			isa = PBXGroup;
			children = (
				CFA6BA1F1D429E240018BAE0 /* MapTest.app */,
			);
			name = Products;
			sourceTree = "<group>";
		};
		CFA6BA211D429E240018BAE0 /* MapTest */ = {
			isa = PBXGroup;
			children = (
				CF4503191D5BA10A00E93453 /* Supporting Files */,
				CFA6BA241D429E240018BAE0 /* ViewController.swift */,
				CFED19AD1D92FBF100877885 /* BikeBrain.swift */,
				CFA6BA261D429E240018BAE0 /* Main.storyboard */,
			);
			path = MapTest;
			sourceTree = "<group>";
		};
/* End PBXGroup section */

/* Begin PBXNativeTarget section */
		CFA6BA1E1D429E240018BAE0 /* MapTest */ = {
			isa = PBXNativeTarget;
			buildConfigurationList = CFA6BA311D429E240018BAE0 /* Build configuration list for PBXNativeTarget "MapTest" */;
			buildPhases = (
				CFA6BA1B1D429E240018BAE0 /* Sources */,
				CFA6BA1C1D429E240018BAE0 /* Frameworks */,
				CFA6BA1D1D429E240018BAE0 /* Resources */,
			);
			buildRules = (
			);
			dependencies = (
			);
			name = MapTest;
			productName = MapTest;
			productReference = CFA6BA1F1D429E240018BAE0 /* MapTest.app */;
			productType = "com.apple.product-type.application";
		};
/* End PBXNativeTarget section */

/* Begin PBXProject section */
		CFA6BA171D429E240018BAE0 /* Project object */ = {
			isa = PBXProject;
			attributes = {
				LastSwiftUpdateCheck = 0730;
				LastUpgradeCheck = 0730;
				ORGANIZATIONNAME = "Allison Hoffman";
				TargetAttributes = {
					CFA6BA1E1D429E240018BAE0 = {
						CreatedOnToolsVersion = 7.3.1;
					};
				};
			};
			buildConfigurationList = CFA6BA1A1D429E240018BAE0 /* Build configuration list for PBXProject "MapTest" */;
			compatibilityVersion = "Xcode 3.2";
			developmentRegion = English;
			hasScannedForEncodings = 0;
			knownRegions = (
				en,
				Base,
			);
			mainGroup = CFA6BA161D429E240018BAE0;
			productRefGroup = CFA6BA201D429E240018BAE0 /* Products */;
			projectDirPath = "";
			projectRoot = "";
			targets = (
				CFA6BA1E1D429E240018BAE0 /* MapTest */,
			);
		};
/* End PBXProject section */

/* Begin PBXResourcesBuildPhase section */
		CFA6BA1D1D429E240018BAE0 /* Resources */ = {
			isa = PBXResourcesBuildPhase;
			buildActionMask = 2147483647;
			files = (
				CFA6BA2D1D429E240018BAE0 /* LaunchScreen.storyboard in Resources */,
				CFA6BA2A1D429E240018BAE0 /* Assets.xcassets in Resources */,
				CFA6BA281D429E240018BAE0 /* Main.storyboard in Resources */,
				CF4503421D5BB25200E93453 /* default.gpx in Resources */,
			);
			runOnlyForDeploymentPostprocessing = 0;
		};
/* End PBXResourcesBuildPhase section */

/* Begin PBXSourcesBuildPhase section */
		CFA6BA1B1D429E240018BAE0 /* Sources */ = {
			isa = PBXSourcesBuildPhase;
			buildActionMask = 2147483647;
			files = (
				CFA6BA251D429E240018BAE0 /* ViewController.swift in Sources */,
				CFED19AE1D92FBF100877885 /* BikeBrain.swift in Sources */,
				CFA6BA231D429E240018BAE0 /* AppDelegate.swift in Sources */,
			);
			runOnlyForDeploymentPostprocessing = 0;
		};
/* End PBXSourcesBuildPhase section */

/* Begin PBXVariantGroup section */
		CFA6BA261D429E240018BAE0 /* Main.storyboard */ = {
			isa = PBXVariantGroup;
			children = (
				CFA6BA271D429E240018BAE0 /* Base */,
			);
			name = Main.storyboard;
			sourceTree = "<group>";
		};
		CFA6BA2B1D429E240018BAE0 /* LaunchScreen.storyboard */ = {
			isa = PBXVariantGroup;
			children = (
				CFA6BA2C1D429E240018BAE0 /* Base */,
			);
			name = LaunchScreen.storyboard;
			sourceTree = "<group>";
		};
/* End PBXVariantGroup section */

/* Begin XCBuildConfiguration section */
		CFA6BA2F1D429E240018BAE0 /* Debug */ = {
			isa = XCBuildConfiguration;
			buildSettings = {
				ALWAYS_SEARCH_USER_PATHS = NO;
				CLANG_ANALYZER_NONNULL = YES;
				CLANG_CXX_LANGUAGE_STANDARD = "gnu++0x";
				CLANG_CXX_LIBRARY = "libc++";
				CLANG_ENABLE_MODULES = YES;
				CLANG_ENABLE_OBJC_ARC = YES;
				CLANG_WARN_BOOL_CONVERSION = YES;
				CLANG_WARN_CONSTANT_CONVERSION = YES;
				CLANG_WARN_DIRECT_OBJC_ISA_USAGE = YES_ERROR;
				CLANG_WARN_EMPTY_BODY = YES;
				CLANG_WARN_ENUM_CONVERSION = YES;
				CLANG_WARN_INT_CONVERSION = YES;
				CLANG_WARN_OBJC_ROOT_CLASS = YES_ERROR;
				CLANG_WARN_UNREACHABLE_CODE = YES;
				CLANG_WARN__DUPLICATE_METHOD_MATCH = YES;
				"CODE_SIGN_IDENTITY[sdk=iphoneos*]" = "iPhone Developer";
				COPY_PHASE_STRIP = NO;
				DEBUG_INFORMATION_FORMAT = dwarf;
				ENABLE_STRICT_OBJC_MSGSEND = YES;
				ENABLE_TESTABILITY = YES;
				GCC_C_LANGUAGE_STANDARD = gnu99;
				GCC_DYNAMIC_NO_PIC = NO;
				GCC_NO_COMMON_BLOCKS = YES;
				GCC_OPTIMIZATION_LEVEL = 0;
				GCC_PREPROCESSOR_DEFINITIONS = (
					"DEBUG=1",
					"$(inherited)",
				);
				GCC_WARN_64_TO_32_BIT_CONVERSION = YES;
				GCC_WARN_ABOUT_RETURN_TYPE = YES_ERROR;
				GCC_WARN_UNDECLARED_SELECTOR = YES;
				GCC_WARN_UNINITIALIZED_AUTOS = YES_AGGRESSIVE;
				GCC_WARN_UNUSED_FUNCTION = YES;
				GCC_WARN_UNUSED_VARIABLE = YES;
				IPHONEOS_DEPLOYMENT_TARGET = 9.3;
				MTL_ENABLE_DEBUG_INFO = YES;
				ONLY_ACTIVE_ARCH = YES;
				SDKROOT = iphoneos;
				SWIFT_OPTIMIZATION_LEVEL = "-Onone";
			};
			name = Debug;
		};
		CFA6BA301D429E240018BAE0 /* Release */ = {
			isa = XCBuildConfiguration;
			buildSettings = {
				ALWAYS_SEARCH_USER_PATHS = NO;
				CLANG_ANALYZER_NONNULL = YES;
				CLANG_CXX_LANGUAGE_STANDARD = "gnu++0x";
				CLANG_CXX_LIBRARY = "libc++";
				CLANG_ENABLE_MODULES = YES;
				CLANG_ENABLE_OBJC_ARC = YES;
				CLANG_WARN_BOOL_CONVERSION = YES;
				CLANG_WARN_CONSTANT_CONVERSION = YES;
				CLANG_WARN_DIRECT_OBJC_ISA_USAGE = YES_ERROR;
				CLANG_WARN_EMPTY_BODY = YES;
				CLANG_WARN_ENUM_CONVERSION = YES;
				CLANG_WARN_INT_CONVERSION = YES;
				CLANG_WARN_OBJC_ROOT_CLASS = YES_ERROR;
				CLANG_WARN_UNREACHABLE_CODE = YES;
				CLANG_WARN__DUPLICATE_METHOD_MATCH = YES;
				"CODE_SIGN_IDENTITY[sdk=iphoneos*]" = "iPhone Developer";
				COPY_PHASE_STRIP = NO;
				DEBUG_INFORMATION_FORMAT = "dwarf-with-dsym";
				ENABLE_NS_ASSERTIONS = NO;
				ENABLE_STRICT_OBJC_MSGSEND = YES;
				GCC_C_LANGUAGE_STANDARD = gnu99;
				GCC_NO_COMMON_BLOCKS = YES;
				GCC_WARN_64_TO_32_BIT_CONVERSION = YES;
				GCC_WARN_ABOUT_RETURN_TYPE = YES_ERROR;
				GCC_WARN_UNDECLARED_SELECTOR = YES;
				GCC_WARN_UNINITIALIZED_AUTOS = YES_AGGRESSIVE;
				GCC_WARN_UNUSED_FUNCTION = YES;
				GCC_WARN_UNUSED_VARIABLE = YES;
				IPHONEOS_DEPLOYMENT_TARGET = 9.3;
				MTL_ENABLE_DEBUG_INFO = NO;
				SDKROOT = iphoneos;
				VALIDATE_PRODUCT = YES;
			};
			name = Release;
		};
		CFA6BA321D429E240018BAE0 /* Debug */ = {
			isa = XCBuildConfiguration;
			buildSettings = {
				ASSETCATALOG_COMPILER_APPICON_NAME = AppIcon;
				INFOPLIST_FILE = MapTest/Info.plist;
				LD_RUNPATH_SEARCH_PATHS = "$(inherited) @executable_path/Frameworks";
				PRODUCT_BUNDLE_IDENTIFIER = test.MapTest;
				PRODUCT_NAME = "$(TARGET_NAME)";
				SWIFT_VERSION = 3.0;
			};
			name = Debug;
		};
		CFA6BA331D429E240018BAE0 /* Release */ = {
			isa = XCBuildConfiguration;
			buildSettings = {
				ASSETCATALOG_COMPILER_APPICON_NAME = AppIcon;
				INFOPLIST_FILE = MapTest/Info.plist;
				LD_RUNPATH_SEARCH_PATHS = "$(inherited) @executable_path/Frameworks";
				PRODUCT_BUNDLE_IDENTIFIER = test.MapTest;
				PRODUCT_NAME = "$(TARGET_NAME)";
				SWIFT_VERSION = 3.0;
			};
			name = Release;
		};
/* End XCBuildConfiguration section */

/* Begin XCConfigurationList section */
		CFA6BA1A1D429E240018BAE0 /* Build configuration list for PBXProject "MapTest" */ = {
			isa = XCConfigurationList;
			buildConfigurations = (
				CFA6BA2F1D429E240018BAE0 /* Debug */,
				CFA6BA301D429E240018BAE0 /* Release */,
			);
			defaultConfigurationIsVisible = 0;
			defaultConfigurationName = Release;
		};
		CFA6BA311D429E240018BAE0 /* Build configuration list for PBXNativeTarget "MapTest" */ = {
			isa = XCConfigurationList;
			buildConfigurations = (
				CFA6BA321D429E240018BAE0 /* Debug */,
				CFA6BA331D429E240018BAE0 /* Release */,
			);
			defaultConfigurationIsVisible = 0;
			defaultConfigurationName = Release;
		};
/* End XCConfigurationList section */
	};
	rootObject = CFA6BA171D429E240018BAE0 /* Project object */;
}
